github.com/pkg/errors v0.9.1 h1:FEBLx1zS214owpjy7qsBeixbURkuhQAwrK5UwLGTwt4=
github.com/pkg/errors v0.9.1/go.mod h1:bwawxfHBFNV+L2hUp1rHADufV3IMtnDRdf1r5NINEl0=
github.com/unixpickle/essentials v1.0.1 h1:Z6t84d2Y9S9Wp5bFXi/1ol4Re+3UIzOkmh0jqWyjrG4=
github.com/unixpickle/essentials v1.0.1/go.mod h1:dQ1idvqrgrDgub3mfckQm7osVPzT3u9rB6NK/LEhmtQ=
